
Microsoft Visual Studio Solution File, Format Version 12.00
# Visual Studio 15
VisualStudioVersion = 15.0.28307.1082
MinimumVisualStudioVersion = 10.0.40219.1
Project("{8BC9CEB8-8B4A-11D0-8D11-00A0C91BC942}") = "8实验2（3）", "8实验2（3）\8实验2（3）.vcxproj", "{FDCA51E3-6682-4FA0-89AA-F46D91205D5B}"
EndProject
Global
	GlobalSection(SolutionConfigurationPlatforms) = preSolution
		Debug|x64 = Debug|x64
		Debug|x86 = Debug|x86
		Release|x64 = Release|x64
		Release|x86 = Release|x86
	EndGlobalSection
	GlobalSection(ProjectConfigurationPlatforms) = postSolution
		{FDCA51E3-6682-4FA0-89AA-F46D91205D5B}.Debug|x64.ActiveCfg = Debug|x64
		{FDCA51E3-6682-4FA0-89AA-F46D91205D5B}.Debug|x64.Build.0 = Debug|x64
		{FDCA51E3-6682-4FA0-89AA-F46D91205D5B}.Debug|x86.ActiveCfg = Debug|Win32
		{FDCA51E3-6682-4FA0-89AA-F46D91205D5B}.Debug|x86.Build.0 = Debug|Win32
		{FDCA51E3-6682-4FA0-89AA-F46D91205D5B}.Release|x64.ActiveCfg = Release|x64
		{FDCA51E3-6682-4FA0-89AA-F46D91205D5B}.Release|x64.Build.0 = Release|x64
		{FDCA51E3-6682-4FA0-89AA-F46D91205D5B}.Release|x86.ActiveCfg = Release|Win32
		{FDCA51E3-6682-4FA0-89AA-F46D91205D5B}.Release|x86.Build.0 = Release|Win32
	EndGlobalSection
	GlobalSection(SolutionProperties) = preSolution
		HideSolutionNode = FALSE
	EndGlobalSection
	GlobalSection(ExtensibilityGlobals) = postSolution
		SolutionGuid = {6354C2C1-131A-4D9E-8C0F-88540B509117}
	EndGlobalSection
EndGlobal
