
Microsoft Visual Studio Solution File, Format Version 11.00
# Visual Studio 2010
Project("{8BC9CEB8-8B4A-11D0-8D11-00A0C91BC942}") = "6周课练1", "6周课练1\6周课练1.vcxproj", "{DE38C113-2BB8-40A5-A393-79C6A27FD060}"
EndProject
Global
	GlobalSection(SolutionConfigurationPlatforms) = preSolution
		Debug|Win32 = Debug|Win32
		Release|Win32 = Release|Win32
	EndGlobalSection
	GlobalSection(ProjectConfigurationPlatforms) = postSolution
		{DE38C113-2BB8-40A5-A393-79C6A27FD060}.Debug|Win32.ActiveCfg = Debug|Win32
		{DE38C113-2BB8-40A5-A393-79C6A27FD060}.Debug|Win32.Build.0 = Debug|Win32
		{DE38C113-2BB8-40A5-A393-79C6A27FD060}.Release|Win32.ActiveCfg = Release|Win32
		{DE38C113-2BB8-40A5-A393-79C6A27FD060}.Release|Win32.Build.0 = Release|Win32
	EndGlobalSection
	GlobalSection(SolutionProperties) = preSolution
		HideSolutionNode = FALSE
	EndGlobalSection
EndGlobal
