
Microsoft Visual Studio Solution File, Format Version 12.00
# Visual Studio 15
VisualStudioVersion = 15.0.28307.1082
MinimumVisualStudioVersion = 10.0.40219.1
Project("{8BC9CEB8-8B4A-11D0-8D11-00A0C91BC942}") = "MFC4.13(2)", "MFC4.13(2)\MFC4.13(2).vcxproj", "{2431752F-D8D0-4DE2-BBE4-3A5F2E291B16}"
EndProject
Global
	GlobalSection(SolutionConfigurationPlatforms) = preSolution
		Debug|x64 = Debug|x64
		Debug|x86 = Debug|x86
		Release|x64 = Release|x64
		Release|x86 = Release|x86
	EndGlobalSection
	GlobalSection(ProjectConfigurationPlatforms) = postSolution
		{2431752F-D8D0-4DE2-BBE4-3A5F2E291B16}.Debug|x64.ActiveCfg = Debug|x64
		{2431752F-D8D0-4DE2-BBE4-3A5F2E291B16}.Debug|x64.Build.0 = Debug|x64
		{2431752F-D8D0-4DE2-BBE4-3A5F2E291B16}.Debug|x86.ActiveCfg = Debug|Win32
		{2431752F-D8D0-4DE2-BBE4-3A5F2E291B16}.Debug|x86.Build.0 = Debug|Win32
		{2431752F-D8D0-4DE2-BBE4-3A5F2E291B16}.Release|x64.ActiveCfg = Release|x64
		{2431752F-D8D0-4DE2-BBE4-3A5F2E291B16}.Release|x64.Build.0 = Release|x64
		{2431752F-D8D0-4DE2-BBE4-3A5F2E291B16}.Release|x86.ActiveCfg = Release|Win32
		{2431752F-D8D0-4DE2-BBE4-3A5F2E291B16}.Release|x86.Build.0 = Release|Win32
	EndGlobalSection
	GlobalSection(SolutionProperties) = preSolution
		HideSolutionNode = FALSE
	EndGlobalSection
	GlobalSection(ExtensibilityGlobals) = postSolution
		SolutionGuid = {5E075EE9-02E3-425A-B772-44503000D934}
	EndGlobalSection
EndGlobal
